
Microsoft Visual Studio Solution File, Format Version 12.00
# Visual Studio 15
VisualStudioVersion = 15.0.27703.2042
MinimumVisualStudioVersion = 10.0.40219.1
Project("{9A19103F-16F7-4668-BE54-9A1E7A4F7556}") = "vue2-typescript-netcore-starter", "vue2-typescript-netcore-starter.csproj", "{2E0B22B1-BAC6-4C4A-91E5-FD527BB36DA0}"
EndProject
Global
	GlobalSection(SolutionConfigurationPlatforms) = preSolution
		Debug|Any CPU = Debug|Any CPU
		Release|Any CPU = Release|Any CPU
	EndGlobalSection
	GlobalSection(ProjectConfigurationPlatforms) = postSolution
		{2E0B22B1-BAC6-4C4A-91E5-FD527BB36DA0}.Debug|Any CPU.ActiveCfg = Debug|Any CPU
		{2E0B22B1-BAC6-4C4A-91E5-FD527BB36DA0}.Debug|Any CPU.Build.0 = Debug|Any CPU
		{2E0B22B1-BAC6-4C4A-91E5-FD527BB36DA0}.Release|Any CPU.ActiveCfg = Release|Any CPU
		{2E0B22B1-BAC6-4C4A-91E5-FD527BB36DA0}.Release|Any CPU.Build.0 = Release|Any CPU
	EndGlobalSection
	GlobalSection(SolutionProperties) = preSolution
		HideSolutionNode = FALSE
	EndGlobalSection
	GlobalSection(ExtensibilityGlobals) = postSolution
		SolutionGuid = {E528A590-0D8A-418D-AD3A-60415827EA54}
	EndGlobalSection
EndGlobal
